
Microsoft Visual Studio Solution File, Format Version 12.00
# Visual Studio Version 17
VisualStudioVersion = 17.8.34511.84
MinimumVisualStudioVersion = 10.0.40219.1
Project("{FAE04EC0-301F-11D3-BF4B-00C04F79EFBC}") = "INTEC.Project1", "INTEC.Project1\INTEC.Project1.csproj", "{26E62850-BD87-4FEE-BDC1-6B09AD57011C}"
EndProject
Project("{FAE04EC0-301F-11D3-BF4B-00C04F79EFBC}") = "INTEC.Project2", "INTEC.Project2\INTEC.Project2.csproj", "{761BE493-A262-49B1-880A-C2EC194BAAE9}"
EndProject
Project("{9A19103F-16F7-4668-BE54-9A1E7A4F7556}") = "DSIII.WebAPI", "DSIII.WebAPI\DSIII.WebAPI.csproj", "{783807E1-1613-42C5-B12E-20D2DE4F3349}"
EndProject
Global
	GlobalSection(SolutionConfigurationPlatforms) = preSolution
		Debug|Any CPU = Debug|Any CPU
		Release|Any CPU = Release|Any CPU
	EndGlobalSection
	GlobalSection(ProjectConfigurationPlatforms) = postSolution
		{26E62850-BD87-4FEE-BDC1-6B09AD57011C}.Debug|Any CPU.ActiveCfg = Debug|Any CPU
		{26E62850-BD87-4FEE-BDC1-6B09AD57011C}.Debug|Any CPU.Build.0 = Debug|Any CPU
		{26E62850-BD87-4FEE-BDC1-6B09AD57011C}.Release|Any CPU.ActiveCfg = Release|Any CPU
		{26E62850-BD87-4FEE-BDC1-6B09AD57011C}.Release|Any CPU.Build.0 = Release|Any CPU
		{761BE493-A262-49B1-880A-C2EC194BAAE9}.Debug|Any CPU.ActiveCfg = Debug|Any CPU
		{761BE493-A262-49B1-880A-C2EC194BAAE9}.Debug|Any CPU.Build.0 = Debug|Any CPU
		{761BE493-A262-49B1-880A-C2EC194BAAE9}.Release|Any CPU.ActiveCfg = Release|Any CPU
		{761BE493-A262-49B1-880A-C2EC194BAAE9}.Release|Any CPU.Build.0 = Release|Any CPU
		{783807E1-1613-42C5-B12E-20D2DE4F3349}.Debug|Any CPU.ActiveCfg = Debug|Any CPU
		{783807E1-1613-42C5-B12E-20D2DE4F3349}.Debug|Any CPU.Build.0 = Debug|Any CPU
		{783807E1-1613-42C5-B12E-20D2DE4F3349}.Release|Any CPU.ActiveCfg = Release|Any CPU
		{783807E1-1613-42C5-B12E-20D2DE4F3349}.Release|Any CPU.Build.0 = Release|Any CPU
	EndGlobalSection
	GlobalSection(SolutionProperties) = preSolution
		HideSolutionNode = FALSE
	EndGlobalSection
	GlobalSection(ExtensibilityGlobals) = postSolution
		SolutionGuid = {EA487B6F-9E56-459F-8875-116ADA6308E2}
	EndGlobalSection
EndGlobal
